// !$*UTF8*$!
{
	archiveVersion = 1;
	classes = {
	};
	objectVersion = 56;
	objects = {

/* Begin PBXBuildFile section */
		35065C9C2A7C69E600C7CCAF /* AppDelegate.swift in Sources */ = {isa = PBXBuildFile; fileRef = 35065C9B2A7C69E600C7CCAF /* AppDelegate.swift */; };
		35065CA12A7D24AD00C7CCAF /* DefaultMapsViewController.swift in Sources */ = {isa = PBXBuildFile; fileRef = 35065CA02A7D24AD00C7CCAF /* DefaultMapsViewController.swift */; };
		35065CA32A7D2EB400C7CCAF /* SearchViewController.swift in Sources */ = {isa = PBXBuildFile; fileRef = 35065CA22A7D2EB400C7CCAF /* SearchViewController.swift */; };
		35065CA62A7D44C700C7CCAF /* LocationSearchTableViewController.swift in Sources */ = {isa = PBXBuildFile; fileRef = 35065CA52A7D44C700C7CCAF /* LocationSearchTableViewController.swift */; };
		35065CA82A7D451B00C7CCAF /* MKPlacemark+PrettyAddress.swift in Sources */ = {isa = PBXBuildFile; fileRef = 35065CA72A7D451B00C7CCAF /* MKPlacemark+PrettyAddress.swift */; };
		35065CAB2A7D45E400C7CCAF /* SizeTrackingView.swift in Sources */ = {isa = PBXBuildFile; fileRef = 35065CAA2A7D45E400C7CCAF /* SizeTrackingView.swift */; };
		35065CAD2A7D9A8F00C7CCAF /* StateManager.swift in Sources */ = {isa = PBXBuildFile; fileRef = 35065CAC2A7D9A8F00C7CCAF /* StateManager.swift */; };
		35065CAF2A7D9B8300C7CCAF /* RouteRequester.swift in Sources */ = {isa = PBXBuildFile; fileRef = 35065CAE2A7D9B8300C7CCAF /* RouteRequester.swift */; };
		35065CB22A7D9E5700C7CCAF /* PolylineAnnotation+ActiveRoute.swift in Sources */ = {isa = PBXBuildFile; fileRef = 35065CB12A7D9E5700C7CCAF /* PolylineAnnotation+ActiveRoute.swift */; };
		35065CB42A7DA3AB00C7CCAF /* DirectionPreviewViewController.swift in Sources */ = {isa = PBXBuildFile; fileRef = 35065CB32A7DA3AB00C7CCAF /* DirectionPreviewViewController.swift */; };
		35065CBA2A803A4000C7CCAF /* UISheetPresentationController+Configuration.swift in Sources */ = {isa = PBXBuildFile; fileRef = 35065CB92A803A4000C7CCAF /* UISheetPresentationController+Configuration.swift */; };
		35065CBD2A803BFC00C7CCAF /* RoutingViewController.swift in Sources */ = {isa = PBXBuildFile; fileRef = 35065CBC2A803BFC00C7CCAF /* RoutingViewController.swift */; };
		35065CBF2A803C1900C7CCAF /* UINavigationController+Sheet.swift in Sources */ = {isa = PBXBuildFile; fileRef = 35065CBE2A803C1900C7CCAF /* UINavigationController+Sheet.swift */; };
		35065CC22A8043E900C7CCAF /* ScreenManager.swift in Sources */ = {isa = PBXBuildFile; fileRef = 35065CC12A8043E900C7CCAF /* ScreenManager.swift */; };
		350BDE3F2A7007FF00D4DE31 /* 2-trails-master-v0.3.geojson in Resources */ = {isa = PBXBuildFile; fileRef = 350BDE3C2A7007F900D4DE31 /* 2-trails-master-v0.3.geojson */; };
		350BDE402A7007FF00D4DE31 /* 3-bikelanes-master-v0.3.geojson in Resources */ = {isa = PBXBuildFile; fileRef = 350BDE3E2A7007F900D4DE31 /* 3-bikelanes-master-v0.3.geojson */; };
		350BDE412A7007FF00D4DE31 /* 4-bikesidewalks-master-v0.3.geojson in Resources */ = {isa = PBXBuildFile; fileRef = 350BDE3B2A7007F900D4DE31 /* 4-bikesidewalks-master-v0.3.geojson */; };
		350BDE422A7007FF00D4DE31 /* 5-walk-master-v0.3.geojson in Resources */ = {isa = PBXBuildFile; fileRef = 350BDE3D2A7007F900D4DE31 /* 5-walk-master-v0.3.geojson */; };
		350BDE432A7007FF00D4DE31 /* 1-bikestreets-master-v0.3.geojson in Resources */ = {isa = PBXBuildFile; fileRef = 350BDE3A2A7007F900D4DE31 /* 1-bikestreets-master-v0.3.geojson */; };
		350BDE462A700E0D00D4DE31 /* BikeStreetsStyles.swift in Sources */ = {isa = PBXBuildFile; fileRef = 350BDE452A700E0D00D4DE31 /* BikeStreetsStyles.swift */; };
		3516451A2A81CC73001EDC99 /* UIView+Constraints.swift in Sources */ = {isa = PBXBuildFile; fileRef = 351645192A81CC73001EDC99 /* UIView+Constraints.swift */; };
		3516451E2A81D826001EDC99 /* RoutePlaceRowView.swift in Sources */ = {isa = PBXBuildFile; fileRef = 3516451D2A81D826001EDC99 /* RoutePlaceRowView.swift */; };
		351645202A827F08001EDC99 /* PossibleRoutesView.swift in Sources */ = {isa = PBXBuildFile; fileRef = 3516451F2A827F08001EDC99 /* PossibleRoutesView.swift */; };
		351645222A827FD9001EDC99 /* UIView+InsetView.swift in Sources */ = {isa = PBXBuildFile; fileRef = 351645212A827FD9001EDC99 /* UIView+InsetView.swift */; };
		351645242A8288D6001EDC99 /* UIFont+Preferred.swift in Sources */ = {isa = PBXBuildFile; fileRef = 351645232A8288D6001EDC99 /* UIFont+Preferred.swift */; };
		351645262A86DAC2001EDC99 /* BikeStreetsColors.swift in Sources */ = {isa = PBXBuildFile; fileRef = 351645252A86DAC2001EDC99 /* BikeStreetsColors.swift */; };
		3547E64B2AB7D0AC004FA7F7 /* DebugTableViewController.swift in Sources */ = {isa = PBXBuildFile; fileRef = 3547E64A2AB7D0AC004FA7F7 /* DebugTableViewController.swift */; };
		3547E64D2AB7D209004FA7F7 /* DebugTableViewCell.swift in Sources */ = {isa = PBXBuildFile; fileRef = 3547E64C2AB7D209004FA7F7 /* DebugTableViewCell.swift */; };
		3547E64F2AB88E8A004FA7F7 /* DebugLogHandler.swift in Sources */ = {isa = PBXBuildFile; fileRef = 3547E64E2AB88E8A004FA7F7 /* DebugLogHandler.swift */; };
		3550D9682A98ECC200C70EE5 /* SearchConfiguration.swift in Sources */ = {isa = PBXBuildFile; fileRef = 3550D9672A98ECC200C70EE5 /* SearchConfiguration.swift */; };
		3550D96B2A9CFBAC00C70EE5 /* MapControlView.swift in Sources */ = {isa = PBXBuildFile; fileRef = 3550D96A2A9CFBAC00C70EE5 /* MapControlView.swift */; };
		3550D96E2A9D002E00C70EE5 /* SheetManager.swift in Sources */ = {isa = PBXBuildFile; fileRef = 3550D96D2A9D002E00C70EE5 /* SheetManager.swift */; };
		3550D9702A9D351300C70EE5 /* CompassManager.swift in Sources */ = {isa = PBXBuildFile; fileRef = 3550D96F2A9D351300C70EE5 /* CompassManager.swift */; };
		355256F12A46295600A15512 /* SimplifySwift in Frameworks */ = {isa = PBXBuildFile; productRef = 355256F02A46295600A15512 /* SimplifySwift */; };
		357FE2FD2A4F754400806743 /* MapboxSearch in Frameworks */ = {isa = PBXBuildFile; productRef = 357FE2FC2A4F754400806743 /* MapboxSearch */; };
		357FE2FF2A4F754400806743 /* MapboxSearchUI in Frameworks */ = {isa = PBXBuildFile; productRef = 357FE2FE2A4F754400806743 /* MapboxSearchUI */; };
		359CB5C52AD97FD9004560A2 /* MapboxCoreNavigation in Frameworks */ = {isa = PBXBuildFile; productRef = 359CB5C42AD97FD9004560A2 /* MapboxCoreNavigation */; };
		359CB5C72AD97FD9004560A2 /* MapboxNavigation in Frameworks */ = {isa = PBXBuildFile; productRef = 359CB5C62AD97FD9004560A2 /* MapboxNavigation */; };
		359CB5CF2AD9BC53004560A2 /* MapboxCoreNavigation in Frameworks */ = {isa = PBXBuildFile; productRef = 359CB5CE2AD9BC53004560A2 /* MapboxCoreNavigation */; };
		359CB5D12AD9BC53004560A2 /* MapboxNavigation in Frameworks */ = {isa = PBXBuildFile; productRef = 359CB5D02AD9BC53004560A2 /* MapboxNavigation */; };
		35A2F0BF2A4F7957002BF520 /* MapsViewController.swift in Sources */ = {isa = PBXBuildFile; fileRef = 35A2F0BE2A4F7957002BF520 /* MapsViewController.swift */; };
		35A4829B2A37B1E6001035BB /* Assets.xcassets in Resources */ = {isa = PBXBuildFile; fileRef = 35A4829A2A37B1E6001035BB /* Assets.xcassets */; };
		35A482A62A37B279001035BB /* MapboxMaps in Frameworks */ = {isa = PBXBuildFile; productRef = 35A482A52A37B279001035BB /* MapboxMaps */; };
		35A482A92A37BD4C001035BB /* MapboxDirections in Frameworks */ = {isa = PBXBuildFile; productRef = 35A482A82A37BD4C001035BB /* MapboxDirections */; };
		35D13F762AE7FF3400A31CB0 /* Settings.bundle in Resources */ = {isa = PBXBuildFile; fileRef = 35D13F752AE7FF3400A31CB0 /* Settings.bundle */; };
		9AA97B2D2AE87E9C00C59426 /* UIView+Subview.swift in Sources */ = {isa = PBXBuildFile; fileRef = 9AA97B2C2AE87E9C00C59426 /* UIView+Subview.swift */; };
/* End PBXBuildFile section */

/* Begin PBXFileReference section */
		35065C9B2A7C69E600C7CCAF /* AppDelegate.swift */ = {isa = PBXFileReference; lastKnownFileType = sourcecode.swift; path = AppDelegate.swift; sourceTree = "<group>"; };
		35065CA02A7D24AD00C7CCAF /* DefaultMapsViewController.swift */ = {isa = PBXFileReference; lastKnownFileType = sourcecode.swift; path = DefaultMapsViewController.swift; sourceTree = "<group>"; };
		35065CA22A7D2EB400C7CCAF /* SearchViewController.swift */ = {isa = PBXFileReference; lastKnownFileType = sourcecode.swift; path = SearchViewController.swift; sourceTree = "<group>"; };
		35065CA52A7D44C700C7CCAF /* LocationSearchTableViewController.swift */ = {isa = PBXFileReference; lastKnownFileType = sourcecode.swift; path = LocationSearchTableViewController.swift; sourceTree = "<group>"; };
		35065CA72A7D451B00C7CCAF /* MKPlacemark+PrettyAddress.swift */ = {isa = PBXFileReference; lastKnownFileType = sourcecode.swift; path = "MKPlacemark+PrettyAddress.swift"; sourceTree = "<group>"; };
		35065CAA2A7D45E400C7CCAF /* SizeTrackingView.swift */ = {isa = PBXFileReference; lastKnownFileType = sourcecode.swift; path = SizeTrackingView.swift; sourceTree = "<group>"; };
		35065CAC2A7D9A8F00C7CCAF /* StateManager.swift */ = {isa = PBXFileReference; lastKnownFileType = sourcecode.swift; path = StateManager.swift; sourceTree = "<group>"; };
		35065CAE2A7D9B8300C7CCAF /* RouteRequester.swift */ = {isa = PBXFileReference; lastKnownFileType = sourcecode.swift; path = RouteRequester.swift; sourceTree = "<group>"; };
		35065CB12A7D9E5700C7CCAF /* PolylineAnnotation+ActiveRoute.swift */ = {isa = PBXFileReference; lastKnownFileType = sourcecode.swift; path = "PolylineAnnotation+ActiveRoute.swift"; sourceTree = "<group>"; };
		35065CB32A7DA3AB00C7CCAF /* DirectionPreviewViewController.swift */ = {isa = PBXFileReference; lastKnownFileType = sourcecode.swift; path = DirectionPreviewViewController.swift; sourceTree = "<group>"; };
		35065CB92A803A4000C7CCAF /* UISheetPresentationController+Configuration.swift */ = {isa = PBXFileReference; lastKnownFileType = sourcecode.swift; path = "UISheetPresentationController+Configuration.swift"; sourceTree = "<group>"; };
		35065CBC2A803BFC00C7CCAF /* RoutingViewController.swift */ = {isa = PBXFileReference; lastKnownFileType = sourcecode.swift; path = RoutingViewController.swift; sourceTree = "<group>"; };
		35065CBE2A803C1900C7CCAF /* UINavigationController+Sheet.swift */ = {isa = PBXFileReference; lastKnownFileType = sourcecode.swift; path = "UINavigationController+Sheet.swift"; sourceTree = "<group>"; };
		35065CC12A8043E900C7CCAF /* ScreenManager.swift */ = {isa = PBXFileReference; lastKnownFileType = sourcecode.swift; path = ScreenManager.swift; sourceTree = "<group>"; };
		350BDE3A2A7007F900D4DE31 /* 1-bikestreets-master-v0.3.geojson */ = {isa = PBXFileReference; lastKnownFileType = text; path = "1-bikestreets-master-v0.3.geojson"; sourceTree = "<group>"; };
		350BDE3B2A7007F900D4DE31 /* 4-bikesidewalks-master-v0.3.geojson */ = {isa = PBXFileReference; lastKnownFileType = text; path = "4-bikesidewalks-master-v0.3.geojson"; sourceTree = "<group>"; };
		350BDE3C2A7007F900D4DE31 /* 2-trails-master-v0.3.geojson */ = {isa = PBXFileReference; lastKnownFileType = text; path = "2-trails-master-v0.3.geojson"; sourceTree = "<group>"; };
		350BDE3D2A7007F900D4DE31 /* 5-walk-master-v0.3.geojson */ = {isa = PBXFileReference; lastKnownFileType = text; path = "5-walk-master-v0.3.geojson"; sourceTree = "<group>"; };
		350BDE3E2A7007F900D4DE31 /* 3-bikelanes-master-v0.3.geojson */ = {isa = PBXFileReference; lastKnownFileType = text; path = "3-bikelanes-master-v0.3.geojson"; sourceTree = "<group>"; };
		350BDE452A700E0D00D4DE31 /* BikeStreetsStyles.swift */ = {isa = PBXFileReference; lastKnownFileType = sourcecode.swift; path = BikeStreetsStyles.swift; sourceTree = "<group>"; };
		351645192A81CC73001EDC99 /* UIView+Constraints.swift */ = {isa = PBXFileReference; lastKnownFileType = sourcecode.swift; path = "UIView+Constraints.swift"; sourceTree = "<group>"; };
		3516451D2A81D826001EDC99 /* RoutePlaceRowView.swift */ = {isa = PBXFileReference; lastKnownFileType = sourcecode.swift; path = RoutePlaceRowView.swift; sourceTree = "<group>"; };
		3516451F2A827F08001EDC99 /* PossibleRoutesView.swift */ = {isa = PBXFileReference; lastKnownFileType = sourcecode.swift; path = PossibleRoutesView.swift; sourceTree = "<group>"; };
		351645212A827FD9001EDC99 /* UIView+InsetView.swift */ = {isa = PBXFileReference; lastKnownFileType = sourcecode.swift; path = "UIView+InsetView.swift"; sourceTree = "<group>"; };
		351645232A8288D6001EDC99 /* UIFont+Preferred.swift */ = {isa = PBXFileReference; lastKnownFileType = sourcecode.swift; path = "UIFont+Preferred.swift"; sourceTree = "<group>"; };
		351645252A86DAC2001EDC99 /* BikeStreetsColors.swift */ = {isa = PBXFileReference; lastKnownFileType = sourcecode.swift; path = BikeStreetsColors.swift; sourceTree = "<group>"; };
		3547E64A2AB7D0AC004FA7F7 /* DebugTableViewController.swift */ = {isa = PBXFileReference; lastKnownFileType = sourcecode.swift; path = DebugTableViewController.swift; sourceTree = "<group>"; };
		3547E64C2AB7D209004FA7F7 /* DebugTableViewCell.swift */ = {isa = PBXFileReference; lastKnownFileType = sourcecode.swift; path = DebugTableViewCell.swift; sourceTree = "<group>"; };
		3547E64E2AB88E8A004FA7F7 /* DebugLogHandler.swift */ = {isa = PBXFileReference; lastKnownFileType = sourcecode.swift; path = DebugLogHandler.swift; sourceTree = "<group>"; };
		3550D9672A98ECC200C70EE5 /* SearchConfiguration.swift */ = {isa = PBXFileReference; lastKnownFileType = sourcecode.swift; path = SearchConfiguration.swift; sourceTree = "<group>"; };
		3550D96A2A9CFBAC00C70EE5 /* MapControlView.swift */ = {isa = PBXFileReference; lastKnownFileType = sourcecode.swift; path = MapControlView.swift; sourceTree = "<group>"; };
		3550D96D2A9D002E00C70EE5 /* SheetManager.swift */ = {isa = PBXFileReference; lastKnownFileType = sourcecode.swift; path = SheetManager.swift; sourceTree = "<group>"; };
		3550D96F2A9D351300C70EE5 /* CompassManager.swift */ = {isa = PBXFileReference; lastKnownFileType = sourcecode.swift; path = CompassManager.swift; sourceTree = "<group>"; };
		35A2F0BE2A4F7957002BF520 /* MapsViewController.swift */ = {isa = PBXFileReference; lastKnownFileType = sourcecode.swift; path = MapsViewController.swift; sourceTree = "<group>"; };
		35A482932A37B1E4001035BB /* BikeStreets.app */ = {isa = PBXFileReference; explicitFileType = wrapper.application; includeInIndex = 0; path = BikeStreets.app; sourceTree = BUILT_PRODUCTS_DIR; };
		35A4829A2A37B1E6001035BB /* Assets.xcassets */ = {isa = PBXFileReference; lastKnownFileType = folder.assetcatalog; path = Assets.xcassets; sourceTree = "<group>"; };
		35A482AF2A37C02E001035BB /* Info.plist */ = {isa = PBXFileReference; lastKnownFileType = text.plist; path = Info.plist; sourceTree = "<group>"; };
		35D13F752AE7FF3400A31CB0 /* Settings.bundle */ = {isa = PBXFileReference; lastKnownFileType = "wrapper.plug-in"; path = Settings.bundle; sourceTree = "<group>"; };
		35F04BCD2A61C5D1008083A1 /* Denver, CO.gpx */ = {isa = PBXFileReference; lastKnownFileType = text.xml; path = "Denver, CO.gpx"; sourceTree = "<group>"; };
		9AA97B2C2AE87E9C00C59426 /* UIView+Subview.swift */ = {isa = PBXFileReference; lastKnownFileType = sourcecode.swift; path = "UIView+Subview.swift"; sourceTree = "<group>"; };
/* End PBXFileReference section */

/* Begin PBXFrameworksBuildPhase section */
		35A482902A37B1E4001035BB /* Frameworks */ = {
			isa = PBXFrameworksBuildPhase;
			buildActionMask = 2147483647;
			files = (
				35A482A62A37B279001035BB /* MapboxMaps in Frameworks */,
				359CB5D12AD9BC53004560A2 /* MapboxNavigation in Frameworks */,
				359CB5C72AD97FD9004560A2 /* MapboxNavigation in Frameworks */,
				355256F12A46295600A15512 /* SimplifySwift in Frameworks */,
				357FE2FD2A4F754400806743 /* MapboxSearch in Frameworks */,
				359CB5CF2AD9BC53004560A2 /* MapboxCoreNavigation in Frameworks */,
				359CB5C52AD97FD9004560A2 /* MapboxCoreNavigation in Frameworks */,
				35A482A92A37BD4C001035BB /* MapboxDirections in Frameworks */,
				357FE2FF2A4F754400806743 /* MapboxSearchUI in Frameworks */,
			);
			runOnlyForDeploymentPostprocessing = 0;
		};
/* End PBXFrameworksBuildPhase section */

/* Begin PBXGroup section */
		35065CA42A7D44B900C7CCAF /* Search */ = {
			isa = PBXGroup;
			children = (
				3516451C2A81D813001EDC99 /* Extensions */,
				3516451B2A81D80C001EDC99 /* Views */,
				35065CA22A7D2EB400C7CCAF /* SearchViewController.swift */,
				35065CA52A7D44C700C7CCAF /* LocationSearchTableViewController.swift */,
				35065CB32A7DA3AB00C7CCAF /* DirectionPreviewViewController.swift */,
				3550D9672A98ECC200C70EE5 /* SearchConfiguration.swift */,
			);
			path = Search;
			sourceTree = "<group>";
		};
		35065CA92A7D45D000C7CCAF /* Map */ = {
			isa = PBXGroup;
			children = (
				3550D9692A9CFB9E00C70EE5 /* Controls */,
				35065CB02A7D9E4500C7CCAF /* Annotations */,
				35A2F0BE2A4F7957002BF520 /* MapsViewController.swift */,
				35065CA02A7D24AD00C7CCAF /* DefaultMapsViewController.swift */,
				35065CAA2A7D45E400C7CCAF /* SizeTrackingView.swift */,
			);
			path = Map;
			sourceTree = "<group>";
		};
		35065CB02A7D9E4500C7CCAF /* Annotations */ = {
			isa = PBXGroup;
			children = (
				35065CB12A7D9E5700C7CCAF /* PolylineAnnotation+ActiveRoute.swift */,
			);
			path = Annotations;
			sourceTree = "<group>";
		};
		35065CB82A803A3000C7CCAF /* Extensions */ = {
			isa = PBXGroup;
			children = (
				35065CB92A803A4000C7CCAF /* UISheetPresentationController+Configuration.swift */,
				35065CBE2A803C1900C7CCAF /* UINavigationController+Sheet.swift */,
				351645192A81CC73001EDC99 /* UIView+Constraints.swift */,
				351645212A827FD9001EDC99 /* UIView+InsetView.swift */,
				351645232A8288D6001EDC99 /* UIFont+Preferred.swift */,
				9AA97B2C2AE87E9C00C59426 /* UIView+Subview.swift */,
			);
			path = Extensions;
			sourceTree = "<group>";
		};
		35065CBB2A803BE800C7CCAF /* Routing */ = {
			isa = PBXGroup;
			children = (
				35065CBC2A803BFC00C7CCAF /* RoutingViewController.swift */,
			);
			path = Routing;
			sourceTree = "<group>";
		};
		35065CC02A8043D100C7CCAF /* Managers */ = {
			isa = PBXGroup;
			children = (
				3550D96F2A9D351300C70EE5 /* CompassManager.swift */,
				35065CAE2A7D9B8300C7CCAF /* RouteRequester.swift */,
				35065CC12A8043E900C7CCAF /* ScreenManager.swift */,
				35065CAC2A7D9A8F00C7CCAF /* StateManager.swift */,
			);
			path = Managers;
			sourceTree = "<group>";
		};
		350BDE392A7007F900D4DE31 /* Resources */ = {
			isa = PBXGroup;
			children = (
				35D13F752AE7FF3400A31CB0 /* Settings.bundle */,
				350BDE3A2A7007F900D4DE31 /* 1-bikestreets-master-v0.3.geojson */,
				350BDE3B2A7007F900D4DE31 /* 4-bikesidewalks-master-v0.3.geojson */,
				350BDE3C2A7007F900D4DE31 /* 2-trails-master-v0.3.geojson */,
				350BDE3D2A7007F900D4DE31 /* 5-walk-master-v0.3.geojson */,
				350BDE3E2A7007F900D4DE31 /* 3-bikelanes-master-v0.3.geojson */,
			);
			path = Resources;
			sourceTree = "<group>";
		};
		350BDE442A700E0400D4DE31 /* Styles */ = {
			isa = PBXGroup;
			children = (
				350BDE452A700E0D00D4DE31 /* BikeStreetsStyles.swift */,
				351645252A86DAC2001EDC99 /* BikeStreetsColors.swift */,
			);
			path = Styles;
			sourceTree = "<group>";
		};
		3516451B2A81D80C001EDC99 /* Views */ = {
			isa = PBXGroup;
			children = (
				3516451D2A81D826001EDC99 /* RoutePlaceRowView.swift */,
				3516451F2A827F08001EDC99 /* PossibleRoutesView.swift */,
			);
			path = Views;
			sourceTree = "<group>";
		};
		3516451C2A81D813001EDC99 /* Extensions */ = {
			isa = PBXGroup;
			children = (
				35065CA72A7D451B00C7CCAF /* MKPlacemark+PrettyAddress.swift */,
			);
			path = Extensions;
			sourceTree = "<group>";
		};
		3547E6492AB7D090004FA7F7 /* Debug */ = {
			isa = PBXGroup;
			children = (
				3547E64A2AB7D0AC004FA7F7 /* DebugTableViewController.swift */,
				3547E64C2AB7D209004FA7F7 /* DebugTableViewCell.swift */,
				3547E64E2AB88E8A004FA7F7 /* DebugLogHandler.swift */,
			);
			path = Debug;
			sourceTree = "<group>";
		};
		3550D9692A9CFB9E00C70EE5 /* Controls */ = {
			isa = PBXGroup;
			children = (
				3550D96A2A9CFBAC00C70EE5 /* MapControlView.swift */,
			);
			path = Controls;
			sourceTree = "<group>";
		};
		3550D96C2A9D001900C70EE5 /* Sheets */ = {
			isa = PBXGroup;
			children = (
				3550D96D2A9D002E00C70EE5 /* SheetManager.swift */,
			);
			path = Sheets;
			sourceTree = "<group>";
		};
		35A4828A2A37B1E4001035BB = {
			isa = PBXGroup;
			children = (
				35F04BCC2A61C5C1008083A1 /* GPX */,
				35A482952A37B1E4001035BB /* bikestreets-ios */,
				35A482942A37B1E4001035BB /* Products */,
			);
			sourceTree = "<group>";
		};
		35A482942A37B1E4001035BB /* Products */ = {
			isa = PBXGroup;
			children = (
				35A482932A37B1E4001035BB /* BikeStreets.app */,
			);
			name = Products;
			sourceTree = "<group>";
		};
		35A482952A37B1E4001035BB /* bikestreets-ios */ = {
			isa = PBXGroup;
			children = (
				35065C9B2A7C69E600C7CCAF /* AppDelegate.swift */,
				35A4829A2A37B1E6001035BB /* Assets.xcassets */,
				3547E6492AB7D090004FA7F7 /* Debug */,
				35065CB82A803A3000C7CCAF /* Extensions */,
				35A482AF2A37C02E001035BB /* Info.plist */,
				35065CC02A8043D100C7CCAF /* Managers */,
				35065CA92A7D45D000C7CCAF /* Map */,
				350BDE392A7007F900D4DE31 /* Resources */,
				35065CBB2A803BE800C7CCAF /* Routing */,
				35065CA42A7D44B900C7CCAF /* Search */,
				3550D96C2A9D001900C70EE5 /* Sheets */,
				350BDE442A700E0400D4DE31 /* Styles */,
			);
			path = "bikestreets-ios";
			sourceTree = "<group>";
		};
		35F04BCC2A61C5C1008083A1 /* GPX */ = {
			isa = PBXGroup;
			children = (
				35F04BCD2A61C5D1008083A1 /* Denver, CO.gpx */,
			);
			path = GPX;
			sourceTree = "<group>";
		};
/* End PBXGroup section */

/* Begin PBXNativeTarget section */
		35A482922A37B1E4001035BB /* BikeStreets */ = {
			isa = PBXNativeTarget;
			buildConfigurationList = 35A482A12A37B1E6001035BB /* Build configuration list for PBXNativeTarget "BikeStreets" */;
			buildPhases = (
				35A4828F2A37B1E4001035BB /* Sources */,
				35A482902A37B1E4001035BB /* Frameworks */,
				35A482912A37B1E4001035BB /* Resources */,
			);
			buildRules = (
			);
			dependencies = (
			);
			name = BikeStreets;
			packageProductDependencies = (
				35A482A52A37B279001035BB /* MapboxMaps */,
				35A482A82A37BD4C001035BB /* MapboxDirections */,
				355256F02A46295600A15512 /* SimplifySwift */,
				357FE2FC2A4F754400806743 /* MapboxSearch */,
				357FE2FE2A4F754400806743 /* MapboxSearchUI */,
				359CB5C42AD97FD9004560A2 /* MapboxCoreNavigation */,
				359CB5C62AD97FD9004560A2 /* MapboxNavigation */,
				359CB5CE2AD9BC53004560A2 /* MapboxCoreNavigation */,
				359CB5D02AD9BC53004560A2 /* MapboxNavigation */,
			);
			productName = MapboxTester;
			productReference = 35A482932A37B1E4001035BB /* BikeStreets.app */;
			productType = "com.apple.product-type.application";
		};
/* End PBXNativeTarget section */

/* Begin PBXProject section */
		35A4828B2A37B1E4001035BB /* Project object */ = {
			isa = PBXProject;
			attributes = {
				BuildIndependentTargetsInParallel = 1;
				LastSwiftUpdateCheck = 1430;
				LastUpgradeCheck = 1430;
				TargetAttributes = {
					35A482922A37B1E4001035BB = {
						CreatedOnToolsVersion = 14.3;
					};
				};
			};
			buildConfigurationList = 35A4828E2A37B1E4001035BB /* Build configuration list for PBXProject "bikestreets-ios" */;
			compatibilityVersion = "Xcode 14.0";
			developmentRegion = en;
			hasScannedForEncodings = 0;
			knownRegions = (
				en,
				Base,
			);
			mainGroup = 35A4828A2A37B1E4001035BB;
			packageReferences = (
				35A482A42A37B279001035BB /* XCRemoteSwiftPackageReference "mapbox-maps-ios" */,
				35A482A72A37BD4C001035BB /* XCRemoteSwiftPackageReference "mapbox-directions-swift" */,
				355256EF2A46295600A15512 /* XCRemoteSwiftPackageReference "Simplify-Swift" */,
				357FE2FB2A4F754400806743 /* XCRemoteSwiftPackageReference "search-ios" */,
				359CB5CD2AD9BC53004560A2 /* XCRemoteSwiftPackageReference "mapbox-navigation-ios" */,
			);
			productRefGroup = 35A482942A37B1E4001035BB /* Products */;
			projectDirPath = "";
			projectRoot = "";
			targets = (
				35A482922A37B1E4001035BB /* BikeStreets */,
			);
		};
/* End PBXProject section */

/* Begin PBXResourcesBuildPhase section */
		35A482912A37B1E4001035BB /* Resources */ = {
			isa = PBXResourcesBuildPhase;
			buildActionMask = 2147483647;
			files = (
				350BDE3F2A7007FF00D4DE31 /* 2-trails-master-v0.3.geojson in Resources */,
				350BDE422A7007FF00D4DE31 /* 5-walk-master-v0.3.geojson in Resources */,
				350BDE412A7007FF00D4DE31 /* 4-bikesidewalks-master-v0.3.geojson in Resources */,
				350BDE402A7007FF00D4DE31 /* 3-bikelanes-master-v0.3.geojson in Resources */,
				350BDE432A7007FF00D4DE31 /* 1-bikestreets-master-v0.3.geojson in Resources */,
				35A4829B2A37B1E6001035BB /* Assets.xcassets in Resources */,
				35D13F762AE7FF3400A31CB0 /* Settings.bundle in Resources */,
			);
			runOnlyForDeploymentPostprocessing = 0;
		};
/* End PBXResourcesBuildPhase section */

/* Begin PBXSourcesBuildPhase section */
		35A4828F2A37B1E4001035BB /* Sources */ = {
			isa = PBXSourcesBuildPhase;
			buildActionMask = 2147483647;
			files = (
				351645242A8288D6001EDC99 /* UIFont+Preferred.swift in Sources */,
				35065CA32A7D2EB400C7CCAF /* SearchViewController.swift in Sources */,
				3550D9682A98ECC200C70EE5 /* SearchConfiguration.swift in Sources */,
				351645202A827F08001EDC99 /* PossibleRoutesView.swift in Sources */,
				35065CB42A7DA3AB00C7CCAF /* DirectionPreviewViewController.swift in Sources */,
				3516451A2A81CC73001EDC99 /* UIView+Constraints.swift in Sources */,
				3547E64B2AB7D0AC004FA7F7 /* DebugTableViewController.swift in Sources */,
				35065CBD2A803BFC00C7CCAF /* RoutingViewController.swift in Sources */,
				35065C9C2A7C69E600C7CCAF /* AppDelegate.swift in Sources */,
				3550D96B2A9CFBAC00C70EE5 /* MapControlView.swift in Sources */,
				9AA97B2D2AE87E9C00C59426 /* UIView+Subview.swift in Sources */,
				35065CBA2A803A4000C7CCAF /* UISheetPresentationController+Configuration.swift in Sources */,
				35A2F0BF2A4F7957002BF520 /* MapsViewController.swift in Sources */,
				35065CC22A8043E900C7CCAF /* ScreenManager.swift in Sources */,
				35065CA82A7D451B00C7CCAF /* MKPlacemark+PrettyAddress.swift in Sources */,
				351645262A86DAC2001EDC99 /* BikeStreetsColors.swift in Sources */,
				35065CAD2A7D9A8F00C7CCAF /* StateManager.swift in Sources */,
				3547E64F2AB88E8A004FA7F7 /* DebugLogHandler.swift in Sources */,
				35065CAF2A7D9B8300C7CCAF /* RouteRequester.swift in Sources */,
				3550D96E2A9D002E00C70EE5 /* SheetManager.swift in Sources */,
				3516451E2A81D826001EDC99 /* RoutePlaceRowView.swift in Sources */,
				351645222A827FD9001EDC99 /* UIView+InsetView.swift in Sources */,
				35065CA12A7D24AD00C7CCAF /* DefaultMapsViewController.swift in Sources */,
				350BDE462A700E0D00D4DE31 /* BikeStreetsStyles.swift in Sources */,
				35065CAB2A7D45E400C7CCAF /* SizeTrackingView.swift in Sources */,
				35065CB22A7D9E5700C7CCAF /* PolylineAnnotation+ActiveRoute.swift in Sources */,
				3547E64D2AB7D209004FA7F7 /* DebugTableViewCell.swift in Sources */,
				3550D9702A9D351300C70EE5 /* CompassManager.swift in Sources */,
				35065CA62A7D44C700C7CCAF /* LocationSearchTableViewController.swift in Sources */,
				35065CBF2A803C1900C7CCAF /* UINavigationController+Sheet.swift in Sources */,
			);
			runOnlyForDeploymentPostprocessing = 0;
		};
/* End PBXSourcesBuildPhase section */

/* Begin XCBuildConfiguration section */
		35A4829F2A37B1E6001035BB /* Debug */ = {
			isa = XCBuildConfiguration;
			buildSettings = {
				ALWAYS_SEARCH_USER_PATHS = NO;
				CLANG_ANALYZER_NONNULL = YES;
				CLANG_ANALYZER_NUMBER_OBJECT_CONVERSION = YES_AGGRESSIVE;
				CLANG_CXX_LANGUAGE_STANDARD = "gnu++20";
				CLANG_ENABLE_MODULES = YES;
				CLANG_ENABLE_OBJC_ARC = YES;
				CLANG_ENABLE_OBJC_WEAK = YES;
				CLANG_WARN_BLOCK_CAPTURE_AUTORELEASING = YES;
				CLANG_WARN_BOOL_CONVERSION = YES;
				CLANG_WARN_COMMA = YES;
				CLANG_WARN_CONSTANT_CONVERSION = YES;
				CLANG_WARN_DEPRECATED_OBJC_IMPLEMENTATIONS = YES;
				CLANG_WARN_DIRECT_OBJC_ISA_USAGE = YES_ERROR;
				CLANG_WARN_DOCUMENTATION_COMMENTS = YES;
				CLANG_WARN_EMPTY_BODY = YES;
				CLANG_WARN_ENUM_CONVERSION = YES;
				CLANG_WARN_INFINITE_RECURSION = YES;
				CLANG_WARN_INT_CONVERSION = YES;
				CLANG_WARN_NON_LITERAL_NULL_CONVERSION = YES;
				CLANG_WARN_OBJC_IMPLICIT_RETAIN_SELF = YES;
				CLANG_WARN_OBJC_LITERAL_CONVERSION = YES;
				CLANG_WARN_OBJC_ROOT_CLASS = YES_ERROR;
				CLANG_WARN_QUOTED_INCLUDE_IN_FRAMEWORK_HEADER = YES;
				CLANG_WARN_RANGE_LOOP_ANALYSIS = YES;
				CLANG_WARN_STRICT_PROTOTYPES = YES;
				CLANG_WARN_SUSPICIOUS_MOVE = YES;
				CLANG_WARN_UNGUARDED_AVAILABILITY = YES_AGGRESSIVE;
				CLANG_WARN_UNREACHABLE_CODE = YES;
				CLANG_WARN__DUPLICATE_METHOD_MATCH = YES;
				COPY_PHASE_STRIP = NO;
				DEBUG_INFORMATION_FORMAT = dwarf;
				ENABLE_STRICT_OBJC_MSGSEND = YES;
				ENABLE_TESTABILITY = YES;
				GCC_C_LANGUAGE_STANDARD = gnu11;
				GCC_DYNAMIC_NO_PIC = NO;
				GCC_NO_COMMON_BLOCKS = YES;
				GCC_OPTIMIZATION_LEVEL = 0;
				GCC_PREPROCESSOR_DEFINITIONS = (
					"DEBUG=1",
					"$(inherited)",
				);
				GCC_WARN_64_TO_32_BIT_CONVERSION = YES;
				GCC_WARN_ABOUT_RETURN_TYPE = YES_ERROR;
				GCC_WARN_UNDECLARED_SELECTOR = YES;
				GCC_WARN_UNINITIALIZED_AUTOS = YES_AGGRESSIVE;
				GCC_WARN_UNUSED_FUNCTION = YES;
				GCC_WARN_UNUSED_VARIABLE = YES;
				IPHONEOS_DEPLOYMENT_TARGET = 16.4;
				MTL_ENABLE_DEBUG_INFO = INCLUDE_SOURCE;
				MTL_FAST_MATH = YES;
				ONLY_ACTIVE_ARCH = YES;
				SDKROOT = iphoneos;
				SWIFT_ACTIVE_COMPILATION_CONDITIONS = DEBUG;
				SWIFT_OPTIMIZATION_LEVEL = "-Onone";
			};
			name = Debug;
		};
		35A482A02A37B1E6001035BB /* Release */ = {
			isa = XCBuildConfiguration;
			buildSettings = {
				ALWAYS_SEARCH_USER_PATHS = NO;
				CLANG_ANALYZER_NONNULL = YES;
				CLANG_ANALYZER_NUMBER_OBJECT_CONVERSION = YES_AGGRESSIVE;
				CLANG_CXX_LANGUAGE_STANDARD = "gnu++20";
				CLANG_ENABLE_MODULES = YES;
				CLANG_ENABLE_OBJC_ARC = YES;
				CLANG_ENABLE_OBJC_WEAK = YES;
				CLANG_WARN_BLOCK_CAPTURE_AUTORELEASING = YES;
				CLANG_WARN_BOOL_CONVERSION = YES;
				CLANG_WARN_COMMA = YES;
				CLANG_WARN_CONSTANT_CONVERSION = YES;
				CLANG_WARN_DEPRECATED_OBJC_IMPLEMENTATIONS = YES;
				CLANG_WARN_DIRECT_OBJC_ISA_USAGE = YES_ERROR;
				CLANG_WARN_DOCUMENTATION_COMMENTS = YES;
				CLANG_WARN_EMPTY_BODY = YES;
				CLANG_WARN_ENUM_CONVERSION = YES;
				CLANG_WARN_INFINITE_RECURSION = YES;
				CLANG_WARN_INT_CONVERSION = YES;
				CLANG_WARN_NON_LITERAL_NULL_CONVERSION = YES;
				CLANG_WARN_OBJC_IMPLICIT_RETAIN_SELF = YES;
				CLANG_WARN_OBJC_LITERAL_CONVERSION = YES;
				CLANG_WARN_OBJC_ROOT_CLASS = YES_ERROR;
				CLANG_WARN_QUOTED_INCLUDE_IN_FRAMEWORK_HEADER = YES;
				CLANG_WARN_RANGE_LOOP_ANALYSIS = YES;
				CLANG_WARN_STRICT_PROTOTYPES = YES;
				CLANG_WARN_SUSPICIOUS_MOVE = YES;
				CLANG_WARN_UNGUARDED_AVAILABILITY = YES_AGGRESSIVE;
				CLANG_WARN_UNREACHABLE_CODE = YES;
				CLANG_WARN__DUPLICATE_METHOD_MATCH = YES;
				COPY_PHASE_STRIP = NO;
				DEBUG_INFORMATION_FORMAT = "dwarf-with-dsym";
				ENABLE_NS_ASSERTIONS = NO;
				ENABLE_STRICT_OBJC_MSGSEND = YES;
				GCC_C_LANGUAGE_STANDARD = gnu11;
				GCC_NO_COMMON_BLOCKS = YES;
				GCC_WARN_64_TO_32_BIT_CONVERSION = YES;
				GCC_WARN_ABOUT_RETURN_TYPE = YES_ERROR;
				GCC_WARN_UNDECLARED_SELECTOR = YES;
				GCC_WARN_UNINITIALIZED_AUTOS = YES_AGGRESSIVE;
				GCC_WARN_UNUSED_FUNCTION = YES;
				GCC_WARN_UNUSED_VARIABLE = YES;
				IPHONEOS_DEPLOYMENT_TARGET = 16.4;
				MTL_ENABLE_DEBUG_INFO = NO;
				MTL_FAST_MATH = YES;
				SDKROOT = iphoneos;
				SWIFT_COMPILATION_MODE = wholemodule;
				SWIFT_OPTIMIZATION_LEVEL = "-O";
				VALIDATE_PRODUCT = YES;
			};
			name = Release;
		};
		35A482A22A37B1E6001035BB /* Debug */ = {
			isa = XCBuildConfiguration;
			buildSettings = {
				ASSETCATALOG_COMPILER_APPICON_NAME = AppIcon;
				ASSETCATALOG_COMPILER_GLOBAL_ACCENT_COLOR_NAME = AccentColor;
				CODE_SIGN_STYLE = Automatic;
				CURRENT_PROJECT_VERSION = 116;
				DEVELOPMENT_TEAM = JPF6V6763Y;
				ENABLE_PREVIEWS = YES;
				GENERATE_INFOPLIST_FILE = YES;
				INFOPLIST_FILE = "bikestreets-ios/Info.plist";
				INFOPLIST_KEY_CFBundleDisplayName = "Bike Streets";
				INFOPLIST_KEY_NSLocationAlwaysAndWhenInUseUsageDescription = "Your current location will be displayed on the map and used for directions and estimated travel times.";
				INFOPLIST_KEY_NSLocationWhenInUseUsageDescription = "Your current location will be displayed on the map and used for directions and estimated travel times.";
				INFOPLIST_KEY_UIApplicationSupportsIndirectInputEvents = YES;
				INFOPLIST_KEY_UILaunchScreen_Generation = YES;
				INFOPLIST_KEY_UISupportedInterfaceOrientations = "UIInterfaceOrientationLandscapeLeft UIInterfaceOrientationLandscapeRight UIInterfaceOrientationPortrait UIInterfaceOrientationPortraitUpsideDown";
				LD_RUNPATH_SEARCH_PATHS = (
					"$(inherited)",
					"@executable_path/Frameworks",
				);
				MARKETING_VERSION = 2.0;
				PRODUCT_BUNDLE_IDENTIFIER = "com.bikestreets.bikestreets-ios";
				PRODUCT_NAME = "$(TARGET_NAME)";
				SWIFT_EMIT_LOC_STRINGS = YES;
				SWIFT_VERSION = 5.0;
				TARGETED_DEVICE_FAMILY = "1,2";
			};
			name = Debug;
		};
		35A482A32A37B1E6001035BB /* Release */ = {
			isa = XCBuildConfiguration;
			buildSettings = {
				ASSETCATALOG_COMPILER_APPICON_NAME = AppIcon;
				ASSETCATALOG_COMPILER_GLOBAL_ACCENT_COLOR_NAME = AccentColor;
				CODE_SIGN_STYLE = Automatic;
				CURRENT_PROJECT_VERSION = 116;
				DEVELOPMENT_TEAM = JPF6V6763Y;
				ENABLE_PREVIEWS = YES;
				GENERATE_INFOPLIST_FILE = YES;
				INFOPLIST_FILE = "bikestreets-ios/Info.plist";
				INFOPLIST_KEY_CFBundleDisplayName = "Bike Streets";
				INFOPLIST_KEY_NSLocationAlwaysAndWhenInUseUsageDescription = "Your current location will be displayed on the map and used for directions and estimated travel times.";
				INFOPLIST_KEY_NSLocationWhenInUseUsageDescription = "Your current location will be displayed on the map and used for directions and estimated travel times.";
				INFOPLIST_KEY_UIApplicationSupportsIndirectInputEvents = YES;
				INFOPLIST_KEY_UILaunchScreen_Generation = YES;
				INFOPLIST_KEY_UISupportedInterfaceOrientations = "UIInterfaceOrientationLandscapeLeft UIInterfaceOrientationLandscapeRight UIInterfaceOrientationPortrait UIInterfaceOrientationPortraitUpsideDown";
				LD_RUNPATH_SEARCH_PATHS = (
					"$(inherited)",
					"@executable_path/Frameworks",
				);
				MARKETING_VERSION = 2.0;
				PRODUCT_BUNDLE_IDENTIFIER = "com.bikestreets.bikestreets-ios";
				PRODUCT_NAME = "$(TARGET_NAME)";
				SWIFT_EMIT_LOC_STRINGS = YES;
				SWIFT_VERSION = 5.0;
				TARGETED_DEVICE_FAMILY = "1,2";
			};
			name = Release;
		};
/* End XCBuildConfiguration section */

/* Begin XCConfigurationList section */
		35A4828E2A37B1E4001035BB /* Build configuration list for PBXProject "bikestreets-ios" */ = {
			isa = XCConfigurationList;
			buildConfigurations = (
				35A4829F2A37B1E6001035BB /* Debug */,
				35A482A02A37B1E6001035BB /* Release */,
			);
			defaultConfigurationIsVisible = 0;
			defaultConfigurationName = Release;
		};
		35A482A12A37B1E6001035BB /* Build configuration list for PBXNativeTarget "BikeStreets" */ = {
			isa = XCConfigurationList;
			buildConfigurations = (
				35A482A22A37B1E6001035BB /* Debug */,
				35A482A32A37B1E6001035BB /* Release */,
			);
			defaultConfigurationIsVisible = 0;
			defaultConfigurationName = Release;
		};
/* End XCConfigurationList section */

/* Begin XCRemoteSwiftPackageReference section */
		355256EF2A46295600A15512 /* XCRemoteSwiftPackageReference "Simplify-Swift" */ = {
			isa = XCRemoteSwiftPackageReference;
			repositoryURL = "https://github.com/tomislav/Simplify-Swift.git";
			requirement = {
				kind = upToNextMajorVersion;
				minimumVersion = 1.0.0;
			};
		};
		357FE2FB2A4F754400806743 /* XCRemoteSwiftPackageReference "search-ios" */ = {
			isa = XCRemoteSwiftPackageReference;
			repositoryURL = "https://github.com/mapbox/search-ios.git";
			requirement = {
				kind = exactVersion;
				version = "1.0.0-rc.6";
			};
		};
		359CB5CD2AD9BC53004560A2 /* XCRemoteSwiftPackageReference "mapbox-navigation-ios" */ = {
			isa = XCRemoteSwiftPackageReference;
			repositoryURL = "https://github.com/mapbox/mapbox-navigation-ios.git";
			requirement = {
				kind = exactVersion;
				version = 2.17.0;
			};
		};
		35A482A42A37B279001035BB /* XCRemoteSwiftPackageReference "mapbox-maps-ios" */ = {
			isa = XCRemoteSwiftPackageReference;
			repositoryURL = "https://github.com/mapbox/mapbox-maps-ios.git";
			requirement = {
				kind = exactVersion;
				version = 10.16.1;
			};
		};
		35A482A72A37BD4C001035BB /* XCRemoteSwiftPackageReference "mapbox-directions-swift" */ = {
			isa = XCRemoteSwiftPackageReference;
			repositoryURL = "https://github.com/mapbox/mapbox-directions-swift.git";
			requirement = {
				kind = exactVersion;
				version = 2.11.1;
			};
		};
/* End XCRemoteSwiftPackageReference section */

/* Begin XCSwiftPackageProductDependency section */
		355256F02A46295600A15512 /* SimplifySwift */ = {
			isa = XCSwiftPackageProductDependency;
			package = 355256EF2A46295600A15512 /* XCRemoteSwiftPackageReference "Simplify-Swift" */;
			productName = SimplifySwift;
		};
		357FE2FC2A4F754400806743 /* MapboxSearch */ = {
			isa = XCSwiftPackageProductDependency;
			package = 357FE2FB2A4F754400806743 /* XCRemoteSwiftPackageReference "search-ios" */;
			productName = MapboxSearch;
		};
		357FE2FE2A4F754400806743 /* MapboxSearchUI */ = {
			isa = XCSwiftPackageProductDependency;
			package = 357FE2FB2A4F754400806743 /* XCRemoteSwiftPackageReference "search-ios" */;
			productName = MapboxSearchUI;
		};
		359CB5C42AD97FD9004560A2 /* MapboxCoreNavigation */ = {
			isa = XCSwiftPackageProductDependency;
			productName = MapboxCoreNavigation;
		};
		359CB5C62AD97FD9004560A2 /* MapboxNavigation */ = {
			isa = XCSwiftPackageProductDependency;
			productName = MapboxNavigation;
		};
		359CB5CE2AD9BC53004560A2 /* MapboxCoreNavigation */ = {
			isa = XCSwiftPackageProductDependency;
			package = 359CB5CD2AD9BC53004560A2 /* XCRemoteSwiftPackageReference "mapbox-navigation-ios" */;
			productName = MapboxCoreNavigation;
		};
		359CB5D02AD9BC53004560A2 /* MapboxNavigation */ = {
			isa = XCSwiftPackageProductDependency;
			package = 359CB5CD2AD9BC53004560A2 /* XCRemoteSwiftPackageReference "mapbox-navigation-ios" */;
			productName = MapboxNavigation;
		};
		35A482A52A37B279001035BB /* MapboxMaps */ = {
			isa = XCSwiftPackageProductDependency;
			package = 35A482A42A37B279001035BB /* XCRemoteSwiftPackageReference "mapbox-maps-ios" */;
			productName = MapboxMaps;
		};
		35A482A82A37BD4C001035BB /* MapboxDirections */ = {
			isa = XCSwiftPackageProductDependency;
			package = 35A482A72A37BD4C001035BB /* XCRemoteSwiftPackageReference "mapbox-directions-swift" */;
			productName = MapboxDirections;
		};
/* End XCSwiftPackageProductDependency section */
	};
	rootObject = 35A4828B2A37B1E4001035BB /* Project object */;
}
