{
  "pins" : [
    {
      "identity" : "mapbox-common-ios",
      "kind" : "remoteSourceControl",
      "location" : "https://github.com/mapbox/mapbox-common-ios.git",
      "state" : {
        "revision" : "add9e5cb01a0aa23f1081b3c53719593bb80e3cb",
        "version" : "23.8.3"
      }
    },
    {
      "identity" : "mapbox-core-maps-ios",
      "kind" : "remoteSourceControl",
      "location" : "https://github.com/mapbox/mapbox-core-maps-ios.git",
      "state" : {
        "revision" : "d9307e875eea20128b303df6f6d7a2f87934fca2",
        "version" : "10.16.1"
      }
    },
    {
      "identity" : "mapbox-directions-swift",
      "kind" : "remoteSourceControl",
      "location" : "https://github.com/mapbox/mapbox-directions-swift.git",
      "state" : {
        "revision" : "3aaab4fb516638c51ec8a2e73cd2fabdb4588622",
        "version" : "2.11.1"
      }
    },
    {
      "identity" : "mapbox-events-ios",
      "kind" : "remoteSourceControl",
      "location" : "https://github.com/mapbox/mapbox-events-ios.git",
      "state" : {
        "revision" : "91ae071c0232c144251dfe0d0724525deaf293d4",
        "version" : "1.0.10"
      }
    },
    {
      "identity" : "mapbox-maps-ios",
      "kind" : "remoteSourceControl",
      "location" : "https://github.com/mapbox/mapbox-maps-ios.git",
      "state" : {
        "revision" : "36d57a20f6aec28d5758f4e59ac8d3a25a695fd2",
        "version" : "10.16.1"
      }
    },
    {
      "identity" : "mapbox-navigation-ios",
      "kind" : "remoteSourceControl",
      "location" : "https://github.com/mapbox/mapbox-navigation-ios.git",
      "state" : {
        "branch" : "main",
        "revision" : "2c637cec966650f556be816fede351af8ff3d076"
      }
    },
    {
      "identity" : "mapbox-navigation-native-ios",
      "kind" : "remoteSourceControl",
      "location" : "https://github.com/mapbox/mapbox-navigation-native-ios.git",
      "state" : {
        "revision" : "7f3a62751e250166e56120c5854239287ab22b46",
        "version" : "160.0.0"
      }
    },
    {
      "identity" : "mapbox-speech-swift",
      "kind" : "remoteSourceControl",
      "location" : "https://github.com/mapbox/mapbox-speech-swift.git",
      "state" : {
        "revision" : "a9ef284deae227c6111c27a3535098c1e9a9d8e3",
        "version" : "2.1.1"
      }
    },
    {
      "identity" : "polyline",
      "kind" : "remoteSourceControl",
      "location" : "https://github.com/raphaelmor/Polyline.git",
      "state" : {
        "revision" : "353f80378dcd8f17eefe8550090c6b1ae3c9da23",
        "version" : "5.1.0"
      }
    },
    {
      "identity" : "search-ios",
      "kind" : "remoteSourceControl",
      "location" : "https://github.com/mapbox/search-ios.git",
      "state" : {
        "revision" : "74f50cd153826c5b5b8bb5ef6123ec42821ec43a",
        "version" : "1.0.0-rc.6"
      }
    },
    {
      "identity" : "simplify-swift",
      "kind" : "remoteSourceControl",
      "location" : "https://github.com/tomislav/Simplify-Swift.git",
      "state" : {
        "revision" : "b71186338e1881f527ffbebe7a843bbf628257fc",
        "version" : "1.2.2"
      }
    },
    {
      "identity" : "solar",
      "kind" : "remoteSourceControl",
      "location" : "https://github.com/ceeK/Solar.git",
      "state" : {
        "revision" : "c2b96f2d5fb7f835b91cefac5e83101f54643901",
        "version" : "3.0.1"
      }
    },
    {
      "identity" : "swift-argument-parser",
      "kind" : "remoteSourceControl",
      "location" : "https://github.com/apple/swift-argument-parser",
      "state" : {
        "revision" : "fee6933f37fde9a5e12a1e4aeaa93fe60116ff2a",
        "version" : "1.2.2"
      }
    },
    {
      "identity" : "turf-swift",
      "kind" : "remoteSourceControl",
      "location" : "https://github.com/mapbox/turf-swift.git",
      "state" : {
        "revision" : "87b5b37108ba9f37f0885b586d8f6355d8240dd8",
        "version" : "2.6.1"
      }
    }
  ],
  "version" : 2
}
